
Microsoft Visual Studio Solution File, Format Version 12.00
# Visual Studio Version 17
VisualStudioVersion = 17.1.32210.238
MinimumVisualStudioVersion = 10.0.40219.1
Project("{FAE04EC0-301F-11D3-BF4B-00C04F79EFBC}") = "MinimalApiDemo", "MinimalApiDemo\MinimalApiDemo.csproj", "{E7E89D74-4565-4C68-A6D9-4C5A3BF3E134}"
EndProject
Global
	GlobalSection(SolutionConfigurationPlatforms) = preSolution
		Debug|Any CPU = Debug|Any CPU
		Release|Any CPU = Release|Any CPU
	EndGlobalSection
	GlobalSection(ProjectConfigurationPlatforms) = postSolution
		{E7E89D74-4565-4C68-A6D9-4C5A3BF3E134}.Debug|Any CPU.ActiveCfg = Debug|Any CPU
		{E7E89D74-4565-4C68-A6D9-4C5A3BF3E134}.Debug|Any CPU.Build.0 = Debug|Any CPU
		{E7E89D74-4565-4C68-A6D9-4C5A3BF3E134}.Release|Any CPU.ActiveCfg = Release|Any CPU
		{E7E89D74-4565-4C68-A6D9-4C5A3BF3E134}.Release|Any CPU.Build.0 = Release|Any CPU
	EndGlobalSection
	GlobalSection(SolutionProperties) = preSolution
		HideSolutionNode = FALSE
	EndGlobalSection
	GlobalSection(ExtensibilityGlobals) = postSolution
		SolutionGuid = {DB2163B1-3C53-4386-8829-4D2C4CE0CF44}
	EndGlobalSection
EndGlobal
